# This file is automatically @generated by Cargo.
# It is not intended for manual editing.
version = 4

[[package]]
name = "starfish-cli"
version = "0.0.0"

[[package]]
name = "starfish-css"
version = "0.0.0"

[[package]]
name = "starfish-dom"
version = "0.0.0"

[[package]]
name = "starfish-html"
version = "0.0.0"
dependencies = [
 "starfish-dom",
]

[[package]]
name = "starfish-layout"
version = "0.0.0"
dependencies = [
 "starfish-css",
 "starfish-dom",
 "starfish-html",
 "starfish-style",
]

[[package]]
name = "starfish-paint"
version = "0.0.0"

[[package]]
name = "starfish-style"
version = "0.0.0"
dependencies = [
 "starfish-css",
 "starfish-dom",
 "starfish-html",
]
